
Microsoft Visual Studio Solution File, Format Version 12.00
# Visual Studio Version 16
VisualStudioVersion = 16.0.33214.272
MinimumVisualStudioVersion = 10.0.40219.1
Project("{FAE04EC0-301F-11D3-BF4B-00C04F79EFBC}") = "record_management_system", "record_management_system.csproj", "{A23F16D8-EC39-485D-8F00-02E932DB0925}"
EndProject
Global
	GlobalSection(SolutionConfigurationPlatforms) = preSolution
		Debug|Any CPU = Debug|Any CPU
		Release|Any CPU = Release|Any CPU
	EndGlobalSection
	GlobalSection(ProjectConfigurationPlatforms) = postSolution
		{A23F16D8-EC39-485D-8F00-02E932DB0925}.Debug|Any CPU.ActiveCfg = Debug|Any CPU
		{A23F16D8-EC39-485D-8F00-02E932DB0925}.Debug|Any CPU.Build.0 = Debug|Any CPU
		{A23F16D8-EC39-485D-8F00-02E932DB0925}.Release|Any CPU.ActiveCfg = Release|Any CPU
		{A23F16D8-EC39-485D-8F00-02E932DB0925}.Release|Any CPU.Build.0 = Release|Any CPU
	EndGlobalSection
	GlobalSection(SolutionProperties) = preSolution
		HideSolutionNode = FALSE
	EndGlobalSection
	GlobalSection(ExtensibilityGlobals) = postSolution
		SolutionGuid = {33E3F468-2E96-4FBC-839A-602CD1D0FDD0}
	EndGlobalSection
EndGlobal
